// !$*UTF8*$!
{
	archiveVersion = 1;
	classes = {
	};
	objectVersion = 56;
	objects = {

/* Begin PBXBuildFile section */
		6C10E1A22A1525B700A6E090 /* AppDelegate.swift in Sources */ = {isa = PBXBuildFile; fileRef = 6C10E1A12A1525B700A6E090 /* AppDelegate.swift */; };
		6C10E1A42A1525B700A6E090 /* SceneDelegate.swift in Sources */ = {isa = PBXBuildFile; fileRef = 6C10E1A32A1525B700A6E090 /* SceneDelegate.swift */; };
		6C10E1A62A1525B700A6E090 /* ViewController.swift in Sources */ = {isa = PBXBuildFile; fileRef = 6C10E1A52A1525B700A6E090 /* ViewController.swift */; };
		6C10E1AB2A1525B800A6E090 /* Assets.xcassets in Resources */ = {isa = PBXBuildFile; fileRef = 6C10E1AA2A1525B800A6E090 /* Assets.xcassets */; };
		6C10E1AE2A1525B800A6E090 /* LaunchScreen.storyboard in Resources */ = {isa = PBXBuildFile; fileRef = 6C10E1AC2A1525B800A6E090 /* LaunchScreen.storyboard */; };
		6C10E1B92A1525B800A6E090 /* PhotoEditingAppTests.swift in Sources */ = {isa = PBXBuildFile; fileRef = 6C10E1B82A1525B800A6E090 /* PhotoEditingAppTests.swift */; };
		6C335B122A154701007B2AB0 /* UIView+Extensions.swift in Sources */ = {isa = PBXBuildFile; fileRef = 6C335B102A154701007B2AB0 /* UIView+Extensions.swift */; };
		6C335B132A154701007B2AB0 /* ViewCodeProtocol.swift in Sources */ = {isa = PBXBuildFile; fileRef = 6C335B112A154701007B2AB0 /* ViewCodeProtocol.swift */; };
		6C335B162A154DC8007B2AB0 /* PhotoEditingView.swift in Sources */ = {isa = PBXBuildFile; fileRef = 6C335B152A154DC8007B2AB0 /* PhotoEditingView.swift */; };
		6C335B1A2A156F54007B2AB0 /* ImagePicker.swift in Sources */ = {isa = PBXBuildFile; fileRef = 6C335B192A156F54007B2AB0 /* ImagePicker.swift */; };
		6C335B1C2A157016007B2AB0 /* PhotoEditingImagerPicker.swift in Sources */ = {isa = PBXBuildFile; fileRef = 6C335B1B2A157016007B2AB0 /* PhotoEditingImagerPicker.swift */; };
		6C335B212A16CED9007B2AB0 /* ImagePickerDelegate.swift in Sources */ = {isa = PBXBuildFile; fileRef = 6C335B202A16CED9007B2AB0 /* ImagePickerDelegate.swift */; };
		6C335B232A16D3C6007B2AB0 /* ViewModel.swift in Sources */ = {isa = PBXBuildFile; fileRef = 6C335B222A16D3C6007B2AB0 /* ViewModel.swift */; };
		6CCC75622A1808AF0002CAF7 /* PhotoEditingView+ViewCodeProtocol.swift in Sources */ = {isa = PBXBuildFile; fileRef = 6CCC75612A1808AF0002CAF7 /* PhotoEditingView+ViewCodeProtocol.swift */; };
		6CCC75642A1808E50002CAF7 /* UIResponder+Extensions.swift in Sources */ = {isa = PBXBuildFile; fileRef = 6CCC75632A1808E50002CAF7 /* UIResponder+Extensions.swift */; };
		6CCC75662A18094A0002CAF7 /* PhotoEditingView+Helper.swift in Sources */ = {isa = PBXBuildFile; fileRef = 6CCC75652A18094A0002CAF7 /* PhotoEditingView+Helper.swift */; };
		6CCC75692A180F1C0002CAF7 /* PhotoEditingView+Adjusts.swift in Sources */ = {isa = PBXBuildFile; fileRef = 6CCC75682A180F1C0002CAF7 /* PhotoEditingView+Adjusts.swift */; };
		6CCC756C2A1923EE0002CAF7 /* StateChangeManager.swift in Sources */ = {isa = PBXBuildFile; fileRef = 6CCC756B2A1923EE0002CAF7 /* StateChangeManager.swift */; };
		6CCC756E2A19241F0002CAF7 /* ViewStateChangeManager.swift in Sources */ = {isa = PBXBuildFile; fileRef = 6CCC756D2A19241F0002CAF7 /* ViewStateChangeManager.swift */; };
		6CCC75762A199A1D0002CAF7 /* MetalView.swift in Sources */ = {isa = PBXBuildFile; fileRef = 6CCC75752A199A1D0002CAF7 /* MetalView.swift */; };
/* End PBXBuildFile section */

/* Begin PBXContainerItemProxy section */
		6C10E1B52A1525B800A6E090 /* PBXContainerItemProxy */ = {
			isa = PBXContainerItemProxy;
			containerPortal = 6C10E1962A1525B700A6E090 /* Project object */;
			proxyType = 1;
			remoteGlobalIDString = 6C10E19D2A1525B700A6E090;
			remoteInfo = PhotoEditingApp;
		};
/* End PBXContainerItemProxy section */

/* Begin PBXFileReference section */
		6C10E19E2A1525B700A6E090 /* PhotoEditingApp.app */ = {isa = PBXFileReference; explicitFileType = wrapper.application; includeInIndex = 0; path = PhotoEditingApp.app; sourceTree = BUILT_PRODUCTS_DIR; };
		6C10E1A12A1525B700A6E090 /* AppDelegate.swift */ = {isa = PBXFileReference; lastKnownFileType = sourcecode.swift; path = AppDelegate.swift; sourceTree = "<group>"; };
		6C10E1A32A1525B700A6E090 /* SceneDelegate.swift */ = {isa = PBXFileReference; lastKnownFileType = sourcecode.swift; path = SceneDelegate.swift; sourceTree = "<group>"; };
		6C10E1A52A1525B700A6E090 /* ViewController.swift */ = {isa = PBXFileReference; lastKnownFileType = sourcecode.swift; path = ViewController.swift; sourceTree = "<group>"; };
		6C10E1AA2A1525B800A6E090 /* Assets.xcassets */ = {isa = PBXFileReference; lastKnownFileType = folder.assetcatalog; path = Assets.xcassets; sourceTree = "<group>"; };
		6C10E1AD2A1525B800A6E090 /* Base */ = {isa = PBXFileReference; lastKnownFileType = file.storyboard; name = Base; path = Base.lproj/LaunchScreen.storyboard; sourceTree = "<group>"; };
		6C10E1AF2A1525B800A6E090 /* Info.plist */ = {isa = PBXFileReference; lastKnownFileType = text.plist.xml; path = Info.plist; sourceTree = "<group>"; };
		6C10E1B42A1525B800A6E090 /* PhotoEditingAppTests.xctest */ = {isa = PBXFileReference; explicitFileType = wrapper.cfbundle; includeInIndex = 0; path = PhotoEditingAppTests.xctest; sourceTree = BUILT_PRODUCTS_DIR; };
		6C10E1B82A1525B800A6E090 /* PhotoEditingAppTests.swift */ = {isa = PBXFileReference; lastKnownFileType = sourcecode.swift; path = PhotoEditingAppTests.swift; sourceTree = "<group>"; };
		6C335B102A154701007B2AB0 /* UIView+Extensions.swift */ = {isa = PBXFileReference; fileEncoding = 4; lastKnownFileType = sourcecode.swift; path = "UIView+Extensions.swift"; sourceTree = "<group>"; };
		6C335B112A154701007B2AB0 /* ViewCodeProtocol.swift */ = {isa = PBXFileReference; fileEncoding = 4; lastKnownFileType = sourcecode.swift; path = ViewCodeProtocol.swift; sourceTree = "<group>"; };
		6C335B152A154DC8007B2AB0 /* PhotoEditingView.swift */ = {isa = PBXFileReference; lastKnownFileType = sourcecode.swift; path = PhotoEditingView.swift; sourceTree = "<group>"; };
		6C335B192A156F54007B2AB0 /* ImagePicker.swift */ = {isa = PBXFileReference; lastKnownFileType = sourcecode.swift; path = ImagePicker.swift; sourceTree = "<group>"; };
		6C335B1B2A157016007B2AB0 /* PhotoEditingImagerPicker.swift */ = {isa = PBXFileReference; lastKnownFileType = sourcecode.swift; path = PhotoEditingImagerPicker.swift; sourceTree = "<group>"; };
		6C335B202A16CED9007B2AB0 /* ImagePickerDelegate.swift */ = {isa = PBXFileReference; lastKnownFileType = sourcecode.swift; path = ImagePickerDelegate.swift; sourceTree = "<group>"; };
		6C335B222A16D3C6007B2AB0 /* ViewModel.swift */ = {isa = PBXFileReference; lastKnownFileType = sourcecode.swift; path = ViewModel.swift; sourceTree = "<group>"; };
		6CCC75612A1808AF0002CAF7 /* PhotoEditingView+ViewCodeProtocol.swift */ = {isa = PBXFileReference; lastKnownFileType = sourcecode.swift; path = "PhotoEditingView+ViewCodeProtocol.swift"; sourceTree = "<group>"; };
		6CCC75632A1808E50002CAF7 /* UIResponder+Extensions.swift */ = {isa = PBXFileReference; lastKnownFileType = sourcecode.swift; path = "UIResponder+Extensions.swift"; sourceTree = "<group>"; };
		6CCC75652A18094A0002CAF7 /* PhotoEditingView+Helper.swift */ = {isa = PBXFileReference; lastKnownFileType = sourcecode.swift; path = "PhotoEditingView+Helper.swift"; sourceTree = "<group>"; };
		6CCC75682A180F1C0002CAF7 /* PhotoEditingView+Adjusts.swift */ = {isa = PBXFileReference; lastKnownFileType = sourcecode.swift; path = "PhotoEditingView+Adjusts.swift"; sourceTree = "<group>"; };
		6CCC756B2A1923EE0002CAF7 /* StateChangeManager.swift */ = {isa = PBXFileReference; lastKnownFileType = sourcecode.swift; path = StateChangeManager.swift; sourceTree = "<group>"; };
		6CCC756D2A19241F0002CAF7 /* ViewStateChangeManager.swift */ = {isa = PBXFileReference; lastKnownFileType = sourcecode.swift; path = ViewStateChangeManager.swift; sourceTree = "<group>"; };
		6CCC75752A199A1D0002CAF7 /* MetalView.swift */ = {isa = PBXFileReference; lastKnownFileType = sourcecode.swift; path = MetalView.swift; sourceTree = "<group>"; };
/* End PBXFileReference section */

/* Begin PBXFrameworksBuildPhase section */
		6C10E19B2A1525B700A6E090 /* Frameworks */ = {
			isa = PBXFrameworksBuildPhase;
			buildActionMask = 2147483647;
			files = (
			);
			runOnlyForDeploymentPostprocessing = 0;
		};
		6C10E1B12A1525B800A6E090 /* Frameworks */ = {
			isa = PBXFrameworksBuildPhase;
			buildActionMask = 2147483647;
			files = (
			);
			runOnlyForDeploymentPostprocessing = 0;
		};
/* End PBXFrameworksBuildPhase section */

/* Begin PBXGroup section */
		6C10E1952A1525B700A6E090 = {
			isa = PBXGroup;
			children = (
				6C10E1A02A1525B700A6E090 /* PhotoEditingApp */,
				6C10E1B72A1525B800A6E090 /* PhotoEditingAppTests */,
				6C10E19F2A1525B700A6E090 /* Products */,
			);
			sourceTree = "<group>";
		};
		6C10E19F2A1525B700A6E090 /* Products */ = {
			isa = PBXGroup;
			children = (
				6C10E19E2A1525B700A6E090 /* PhotoEditingApp.app */,
				6C10E1B42A1525B800A6E090 /* PhotoEditingAppTests.xctest */,
			);
			name = Products;
			sourceTree = "<group>";
		};
		6C10E1A02A1525B700A6E090 /* PhotoEditingApp */ = {
			isa = PBXGroup;
			children = (
				6C335B242A16E3C6007B2AB0 /* ViewModel */,
				6C335B172A15533C007B2AB0 /* View */,
				6C10E1A12A1525B700A6E090 /* AppDelegate.swift */,
				6C10E1A32A1525B700A6E090 /* SceneDelegate.swift */,
				6C10E1AA2A1525B800A6E090 /* Assets.xcassets */,
				6C10E1AC2A1525B800A6E090 /* LaunchScreen.storyboard */,
				6C10E1AF2A1525B800A6E090 /* Info.plist */,
			);
			path = PhotoEditingApp;
			sourceTree = "<group>";
		};
		6C10E1B72A1525B800A6E090 /* PhotoEditingAppTests */ = {
			isa = PBXGroup;
			children = (
				6C10E1B82A1525B800A6E090 /* PhotoEditingAppTests.swift */,
			);
			path = PhotoEditingAppTests;
			sourceTree = "<group>";
		};
		6C335B0F2A154701007B2AB0 /* ViewHelper */ = {
			isa = PBXGroup;
			children = (
				6CCC75772A19A2A90002CAF7 /* MetalHelper */,
				6C335B102A154701007B2AB0 /* UIView+Extensions.swift */,
				6C335B112A154701007B2AB0 /* ViewCodeProtocol.swift */,
				6CCC75632A1808E50002CAF7 /* UIResponder+Extensions.swift */,
			);
			path = ViewHelper;
			sourceTree = "<group>";
		};
		6C335B172A15533C007B2AB0 /* View */ = {
			isa = PBXGroup;
			children = (
				6CCC756A2A1923DA0002CAF7 /* StateChangeManager */,
				6C10E1A52A1525B700A6E090 /* ViewController.swift */,
				6CCC75672A180A540002CAF7 /* PhotoEditingView */,
				6C335B182A156F3A007B2AB0 /* ImagePicker */,
				6C335B0F2A154701007B2AB0 /* ViewHelper */,
			);
			path = View;
			sourceTree = "<group>";
		};
		6C335B182A156F3A007B2AB0 /* ImagePicker */ = {
			isa = PBXGroup;
			children = (
				6C335B192A156F54007B2AB0 /* ImagePicker.swift */,
				6C335B1B2A157016007B2AB0 /* PhotoEditingImagerPicker.swift */,
				6C335B202A16CED9007B2AB0 /* ImagePickerDelegate.swift */,
			);
			path = ImagePicker;
			sourceTree = "<group>";
		};
		6C335B242A16E3C6007B2AB0 /* ViewModel */ = {
			isa = PBXGroup;
			children = (
				6C335B222A16D3C6007B2AB0 /* ViewModel.swift */,
			);
			path = ViewModel;
			sourceTree = "<group>";
		};
		6CCC75672A180A540002CAF7 /* PhotoEditingView */ = {
			isa = PBXGroup;
			children = (
				6C335B152A154DC8007B2AB0 /* PhotoEditingView.swift */,
				6CCC75612A1808AF0002CAF7 /* PhotoEditingView+ViewCodeProtocol.swift */,
				6CCC75652A18094A0002CAF7 /* PhotoEditingView+Helper.swift */,
				6CCC75682A180F1C0002CAF7 /* PhotoEditingView+Adjusts.swift */,
			);
			path = PhotoEditingView;
			sourceTree = "<group>";
		};
		6CCC756A2A1923DA0002CAF7 /* StateChangeManager */ = {
			isa = PBXGroup;
			children = (
				6CCC756B2A1923EE0002CAF7 /* StateChangeManager.swift */,
				6CCC756D2A19241F0002CAF7 /* ViewStateChangeManager.swift */,
			);
			path = StateChangeManager;
			sourceTree = "<group>";
		};
		6CCC75772A19A2A90002CAF7 /* MetalHelper */ = {
			isa = PBXGroup;
			children = (
				6CCC75752A199A1D0002CAF7 /* MetalView.swift */,
			);
			path = MetalHelper;
			sourceTree = "<group>";
		};
/* End PBXGroup section */

/* Begin PBXNativeTarget section */
		6C10E19D2A1525B700A6E090 /* PhotoEditingApp */ = {
			isa = PBXNativeTarget;
			buildConfigurationList = 6C10E1C82A1525B800A6E090 /* Build configuration list for PBXNativeTarget "PhotoEditingApp" */;
			buildPhases = (
				6C10E19A2A1525B700A6E090 /* Sources */,
				6C10E19B2A1525B700A6E090 /* Frameworks */,
				6C10E19C2A1525B700A6E090 /* Resources */,
			);
			buildRules = (
			);
			dependencies = (
			);
			name = PhotoEditingApp;
			productName = PhotoEditingApp;
			productReference = 6C10E19E2A1525B700A6E090 /* PhotoEditingApp.app */;
			productType = "com.apple.product-type.application";
		};
		6C10E1B32A1525B800A6E090 /* PhotoEditingAppTests */ = {
			isa = PBXNativeTarget;
			buildConfigurationList = 6C10E1CB2A1525B800A6E090 /* Build configuration list for PBXNativeTarget "PhotoEditingAppTests" */;
			buildPhases = (
				6C10E1B02A1525B800A6E090 /* Sources */,
				6C10E1B12A1525B800A6E090 /* Frameworks */,
				6C10E1B22A1525B800A6E090 /* Resources */,
			);
			buildRules = (
			);
			dependencies = (
				6C10E1B62A1525B800A6E090 /* PBXTargetDependency */,
			);
			name = PhotoEditingAppTests;
			productName = PhotoEditingAppTests;
			productReference = 6C10E1B42A1525B800A6E090 /* PhotoEditingAppTests.xctest */;
			productType = "com.apple.product-type.bundle.unit-test";
		};
/* End PBXNativeTarget section */

/* Begin PBXProject section */
		6C10E1962A1525B700A6E090 /* Project object */ = {
			isa = PBXProject;
			attributes = {
				BuildIndependentTargetsInParallel = 1;
				LastSwiftUpdateCheck = 1430;
				LastUpgradeCheck = 1430;
				TargetAttributes = {
					6C10E19D2A1525B700A6E090 = {
						CreatedOnToolsVersion = 14.3;
					};
					6C10E1B32A1525B800A6E090 = {
						CreatedOnToolsVersion = 14.3;
						TestTargetID = 6C10E19D2A1525B700A6E090;
					};
				};
			};
			buildConfigurationList = 6C10E1992A1525B700A6E090 /* Build configuration list for PBXProject "PhotoEditingApp" */;
			compatibilityVersion = "Xcode 14.0";
			developmentRegion = en;
			hasScannedForEncodings = 0;
			knownRegions = (
				en,
				Base,
			);
			mainGroup = 6C10E1952A1525B700A6E090;
			productRefGroup = 6C10E19F2A1525B700A6E090 /* Products */;
			projectDirPath = "";
			projectRoot = "";
			targets = (
				6C10E19D2A1525B700A6E090 /* PhotoEditingApp */,
				6C10E1B32A1525B800A6E090 /* PhotoEditingAppTests */,
			);
		};
/* End PBXProject section */

/* Begin PBXResourcesBuildPhase section */
		6C10E19C2A1525B700A6E090 /* Resources */ = {
			isa = PBXResourcesBuildPhase;
			buildActionMask = 2147483647;
			files = (
				6C10E1AE2A1525B800A6E090 /* LaunchScreen.storyboard in Resources */,
				6C10E1AB2A1525B800A6E090 /* Assets.xcassets in Resources */,
			);
			runOnlyForDeploymentPostprocessing = 0;
		};
		6C10E1B22A1525B800A6E090 /* Resources */ = {
			isa = PBXResourcesBuildPhase;
			buildActionMask = 2147483647;
			files = (
			);
			runOnlyForDeploymentPostprocessing = 0;
		};
/* End PBXResourcesBuildPhase section */

/* Begin PBXSourcesBuildPhase section */
		6C10E19A2A1525B700A6E090 /* Sources */ = {
			isa = PBXSourcesBuildPhase;
			buildActionMask = 2147483647;
			files = (
				6C335B232A16D3C6007B2AB0 /* ViewModel.swift in Sources */,
				6C10E1A62A1525B700A6E090 /* ViewController.swift in Sources */,
				6C10E1A22A1525B700A6E090 /* AppDelegate.swift in Sources */,
				6CCC75762A199A1D0002CAF7 /* MetalView.swift in Sources */,
				6C335B1C2A157016007B2AB0 /* PhotoEditingImagerPicker.swift in Sources */,
				6CCC756E2A19241F0002CAF7 /* ViewStateChangeManager.swift in Sources */,
				6C335B212A16CED9007B2AB0 /* ImagePickerDelegate.swift in Sources */,
				6C335B162A154DC8007B2AB0 /* PhotoEditingView.swift in Sources */,
				6C335B1A2A156F54007B2AB0 /* ImagePicker.swift in Sources */,
				6C335B132A154701007B2AB0 /* ViewCodeProtocol.swift in Sources */,
				6CCC75622A1808AF0002CAF7 /* PhotoEditingView+ViewCodeProtocol.swift in Sources */,
				6C335B122A154701007B2AB0 /* UIView+Extensions.swift in Sources */,
				6CCC75642A1808E50002CAF7 /* UIResponder+Extensions.swift in Sources */,
				6C10E1A42A1525B700A6E090 /* SceneDelegate.swift in Sources */,
				6CCC75662A18094A0002CAF7 /* PhotoEditingView+Helper.swift in Sources */,
				6CCC756C2A1923EE0002CAF7 /* StateChangeManager.swift in Sources */,
				6CCC75692A180F1C0002CAF7 /* PhotoEditingView+Adjusts.swift in Sources */,
			);
			runOnlyForDeploymentPostprocessing = 0;
		};
		6C10E1B02A1525B800A6E090 /* Sources */ = {
			isa = PBXSourcesBuildPhase;
			buildActionMask = 2147483647;
			files = (
				6C10E1B92A1525B800A6E090 /* PhotoEditingAppTests.swift in Sources */,
			);
			runOnlyForDeploymentPostprocessing = 0;
		};
/* End PBXSourcesBuildPhase section */

/* Begin PBXTargetDependency section */
		6C10E1B62A1525B800A6E090 /* PBXTargetDependency */ = {
			isa = PBXTargetDependency;
			target = 6C10E19D2A1525B700A6E090 /* PhotoEditingApp */;
			targetProxy = 6C10E1B52A1525B800A6E090 /* PBXContainerItemProxy */;
		};
/* End PBXTargetDependency section */

/* Begin PBXVariantGroup section */
		6C10E1AC2A1525B800A6E090 /* LaunchScreen.storyboard */ = {
			isa = PBXVariantGroup;
			children = (
				6C10E1AD2A1525B800A6E090 /* Base */,
			);
			name = LaunchScreen.storyboard;
			sourceTree = "<group>";
		};
/* End PBXVariantGroup section */

/* Begin XCBuildConfiguration section */
		6C10E1C62A1525B800A6E090 /* Debug */ = {
			isa = XCBuildConfiguration;
			buildSettings = {
				ALWAYS_SEARCH_USER_PATHS = NO;
				CLANG_ANALYZER_NONNULL = YES;
				CLANG_ANALYZER_NUMBER_OBJECT_CONVERSION = YES_AGGRESSIVE;
				CLANG_CXX_LANGUAGE_STANDARD = "gnu++20";
				CLANG_ENABLE_MODULES = YES;
				CLANG_ENABLE_OBJC_ARC = YES;
				CLANG_ENABLE_OBJC_WEAK = YES;
				CLANG_WARN_BLOCK_CAPTURE_AUTORELEASING = YES;
				CLANG_WARN_BOOL_CONVERSION = YES;
				CLANG_WARN_COMMA = YES;
				CLANG_WARN_CONSTANT_CONVERSION = YES;
				CLANG_WARN_DEPRECATED_OBJC_IMPLEMENTATIONS = YES;
				CLANG_WARN_DIRECT_OBJC_ISA_USAGE = YES_ERROR;
				CLANG_WARN_DOCUMENTATION_COMMENTS = YES;
				CLANG_WARN_EMPTY_BODY = YES;
				CLANG_WARN_ENUM_CONVERSION = YES;
				CLANG_WARN_INFINITE_RECURSION = YES;
				CLANG_WARN_INT_CONVERSION = YES;
				CLANG_WARN_NON_LITERAL_NULL_CONVERSION = YES;
				CLANG_WARN_OBJC_IMPLICIT_RETAIN_SELF = YES;
				CLANG_WARN_OBJC_LITERAL_CONVERSION = YES;
				CLANG_WARN_OBJC_ROOT_CLASS = YES_ERROR;
				CLANG_WARN_QUOTED_INCLUDE_IN_FRAMEWORK_HEADER = YES;
				CLANG_WARN_RANGE_LOOP_ANALYSIS = YES;
				CLANG_WARN_STRICT_PROTOTYPES = YES;
				CLANG_WARN_SUSPICIOUS_MOVE = YES;
				CLANG_WARN_UNGUARDED_AVAILABILITY = YES_AGGRESSIVE;
				CLANG_WARN_UNREACHABLE_CODE = YES;
				CLANG_WARN__DUPLICATE_METHOD_MATCH = YES;
				COPY_PHASE_STRIP = NO;
				DEBUG_INFORMATION_FORMAT = dwarf;
				ENABLE_STRICT_OBJC_MSGSEND = YES;
				ENABLE_TESTABILITY = YES;
				GCC_C_LANGUAGE_STANDARD = gnu11;
				GCC_DYNAMIC_NO_PIC = NO;
				GCC_NO_COMMON_BLOCKS = YES;
				GCC_OPTIMIZATION_LEVEL = 0;
				GCC_PREPROCESSOR_DEFINITIONS = (
					"DEBUG=1",
					"$(inherited)",
				);
				GCC_WARN_64_TO_32_BIT_CONVERSION = YES;
				GCC_WARN_ABOUT_RETURN_TYPE = YES_ERROR;
				GCC_WARN_UNDECLARED_SELECTOR = YES;
				GCC_WARN_UNINITIALIZED_AUTOS = YES_AGGRESSIVE;
				GCC_WARN_UNUSED_FUNCTION = YES;
				GCC_WARN_UNUSED_VARIABLE = YES;
				IPHONEOS_DEPLOYMENT_TARGET = 15.0;
				MTL_ENABLE_DEBUG_INFO = INCLUDE_SOURCE;
				MTL_FAST_MATH = YES;
				ONLY_ACTIVE_ARCH = YES;
				SDKROOT = iphoneos;
				SWIFT_ACTIVE_COMPILATION_CONDITIONS = DEBUG;
				SWIFT_OPTIMIZATION_LEVEL = "-Onone";
			};
			name = Debug;
		};
		6C10E1C72A1525B800A6E090 /* Release */ = {
			isa = XCBuildConfiguration;
			buildSettings = {
				ALWAYS_SEARCH_USER_PATHS = NO;
				CLANG_ANALYZER_NONNULL = YES;
				CLANG_ANALYZER_NUMBER_OBJECT_CONVERSION = YES_AGGRESSIVE;
				CLANG_CXX_LANGUAGE_STANDARD = "gnu++20";
				CLANG_ENABLE_MODULES = YES;
				CLANG_ENABLE_OBJC_ARC = YES;
				CLANG_ENABLE_OBJC_WEAK = YES;
				CLANG_WARN_BLOCK_CAPTURE_AUTORELEASING = YES;
				CLANG_WARN_BOOL_CONVERSION = YES;
				CLANG_WARN_COMMA = YES;
				CLANG_WARN_CONSTANT_CONVERSION = YES;
				CLANG_WARN_DEPRECATED_OBJC_IMPLEMENTATIONS = YES;
				CLANG_WARN_DIRECT_OBJC_ISA_USAGE = YES_ERROR;
				CLANG_WARN_DOCUMENTATION_COMMENTS = YES;
				CLANG_WARN_EMPTY_BODY = YES;
				CLANG_WARN_ENUM_CONVERSION = YES;
				CLANG_WARN_INFINITE_RECURSION = YES;
				CLANG_WARN_INT_CONVERSION = YES;
				CLANG_WARN_NON_LITERAL_NULL_CONVERSION = YES;
				CLANG_WARN_OBJC_IMPLICIT_RETAIN_SELF = YES;
				CLANG_WARN_OBJC_LITERAL_CONVERSION = YES;
				CLANG_WARN_OBJC_ROOT_CLASS = YES_ERROR;
				CLANG_WARN_QUOTED_INCLUDE_IN_FRAMEWORK_HEADER = YES;
				CLANG_WARN_RANGE_LOOP_ANALYSIS = YES;
				CLANG_WARN_STRICT_PROTOTYPES = YES;
				CLANG_WARN_SUSPICIOUS_MOVE = YES;
				CLANG_WARN_UNGUARDED_AVAILABILITY = YES_AGGRESSIVE;
				CLANG_WARN_UNREACHABLE_CODE = YES;
				CLANG_WARN__DUPLICATE_METHOD_MATCH = YES;
				COPY_PHASE_STRIP = NO;
				DEBUG_INFORMATION_FORMAT = "dwarf-with-dsym";
				ENABLE_NS_ASSERTIONS = NO;
				ENABLE_STRICT_OBJC_MSGSEND = YES;
				GCC_C_LANGUAGE_STANDARD = gnu11;
				GCC_NO_COMMON_BLOCKS = YES;
				GCC_WARN_64_TO_32_BIT_CONVERSION = YES;
				GCC_WARN_ABOUT_RETURN_TYPE = YES_ERROR;
				GCC_WARN_UNDECLARED_SELECTOR = YES;
				GCC_WARN_UNINITIALIZED_AUTOS = YES_AGGRESSIVE;
				GCC_WARN_UNUSED_FUNCTION = YES;
				GCC_WARN_UNUSED_VARIABLE = YES;
				IPHONEOS_DEPLOYMENT_TARGET = 15.0;
				MTL_ENABLE_DEBUG_INFO = NO;
				MTL_FAST_MATH = YES;
				SDKROOT = iphoneos;
				SWIFT_COMPILATION_MODE = wholemodule;
				SWIFT_OPTIMIZATION_LEVEL = "-O";
				VALIDATE_PRODUCT = YES;
			};
			name = Release;
		};
		6C10E1C92A1525B800A6E090 /* Debug */ = {
			isa = XCBuildConfiguration;
			buildSettings = {
				ASSETCATALOG_COMPILER_APPICON_NAME = AppIcon;
				ASSETCATALOG_COMPILER_GLOBAL_ACCENT_COLOR_NAME = AccentColor;
				CODE_SIGN_STYLE = Automatic;
				CURRENT_PROJECT_VERSION = 1;
				DEVELOPMENT_TEAM = L7JGQMYBFY;
				GENERATE_INFOPLIST_FILE = NO;
				INFOPLIST_FILE = PhotoEditingApp/Info.plist;
				INFOPLIST_KEY_NSCameraUsageDescription = "This app uses camera to take photos";
				INFOPLIST_KEY_NSPhotoLibraryUsageDescription = "This apps uses the photo library";
				INFOPLIST_KEY_UIApplicationSupportsIndirectInputEvents = YES;
				INFOPLIST_KEY_UILaunchStoryboardName = LaunchScreen;
				INFOPLIST_KEY_UISupportedInterfaceOrientations_iPad = "UIInterfaceOrientationPortrait UIInterfaceOrientationPortraitUpsideDown UIInterfaceOrientationLandscapeLeft UIInterfaceOrientationLandscapeRight";
				INFOPLIST_KEY_UISupportedInterfaceOrientations_iPhone = "UIInterfaceOrientationPortrait UIInterfaceOrientationLandscapeLeft UIInterfaceOrientationLandscapeRight";
				IPHONEOS_DEPLOYMENT_TARGET = 15.0;
				LD_RUNPATH_SEARCH_PATHS = (
					"$(inherited)",
					"@executable_path/Frameworks",
				);
				MARKETING_VERSION = 1.0;
				PRODUCT_BUNDLE_IDENTIFIER = com.leapi.PhotoEditingApp;
				PRODUCT_NAME = "$(TARGET_NAME)";
				SUPPORTED_PLATFORMS = "iphoneos iphonesimulator";
				SUPPORTS_MACCATALYST = NO;
				SUPPORTS_MAC_DESIGNED_FOR_IPHONE_IPAD = NO;
				SWIFT_EMIT_LOC_STRINGS = YES;
				SWIFT_VERSION = 5.0;
				TARGETED_DEVICE_FAMILY = 1;
			};
			name = Debug;
		};
		6C10E1CA2A1525B800A6E090 /* Release */ = {
			isa = XCBuildConfiguration;
			buildSettings = {
				ASSETCATALOG_COMPILER_APPICON_NAME = AppIcon;
				ASSETCATALOG_COMPILER_GLOBAL_ACCENT_COLOR_NAME = AccentColor;
				CODE_SIGN_STYLE = Automatic;
				CURRENT_PROJECT_VERSION = 1;
				DEVELOPMENT_TEAM = L7JGQMYBFY;
				GENERATE_INFOPLIST_FILE = NO;
				INFOPLIST_FILE = PhotoEditingApp/Info.plist;
				INFOPLIST_KEY_NSCameraUsageDescription = "This app uses camera to take photos";
				INFOPLIST_KEY_NSPhotoLibraryUsageDescription = "This apps uses the photo library";
				INFOPLIST_KEY_UIApplicationSupportsIndirectInputEvents = YES;
				INFOPLIST_KEY_UILaunchStoryboardName = LaunchScreen;
				INFOPLIST_KEY_UISupportedInterfaceOrientations_iPad = "UIInterfaceOrientationPortrait UIInterfaceOrientationPortraitUpsideDown UIInterfaceOrientationLandscapeLeft UIInterfaceOrientationLandscapeRight";
				INFOPLIST_KEY_UISupportedInterfaceOrientations_iPhone = "UIInterfaceOrientationPortrait UIInterfaceOrientationLandscapeLeft UIInterfaceOrientationLandscapeRight";
				IPHONEOS_DEPLOYMENT_TARGET = 15.0;
				LD_RUNPATH_SEARCH_PATHS = (
					"$(inherited)",
					"@executable_path/Frameworks",
				);
				MARKETING_VERSION = 1.0;
				PRODUCT_BUNDLE_IDENTIFIER = com.leapi.PhotoEditingApp;
				PRODUCT_NAME = "$(TARGET_NAME)";
				SUPPORTED_PLATFORMS = "iphoneos iphonesimulator";
				SUPPORTS_MACCATALYST = NO;
				SUPPORTS_MAC_DESIGNED_FOR_IPHONE_IPAD = NO;
				SWIFT_EMIT_LOC_STRINGS = YES;
				SWIFT_VERSION = 5.0;
				TARGETED_DEVICE_FAMILY = 1;
			};
			name = Release;
		};
		6C10E1CC2A1525B800A6E090 /* Debug */ = {
			isa = XCBuildConfiguration;
			buildSettings = {
				ALWAYS_EMBED_SWIFT_STANDARD_LIBRARIES = YES;
				BUNDLE_LOADER = "$(TEST_HOST)";
				CODE_SIGN_STYLE = Automatic;
				CURRENT_PROJECT_VERSION = 1;
				GENERATE_INFOPLIST_FILE = YES;
				IPHONEOS_DEPLOYMENT_TARGET = 15.0;
				MARKETING_VERSION = 1.0;
				PRODUCT_BUNDLE_IDENTIFIER = com.leapi.PhotoEditingAppTests;
				PRODUCT_NAME = "$(TARGET_NAME)";
				SWIFT_EMIT_LOC_STRINGS = NO;
				SWIFT_VERSION = 5.0;
				TARGETED_DEVICE_FAMILY = "1,2";
				TEST_HOST = "$(BUILT_PRODUCTS_DIR)/PhotoEditingApp.app/$(BUNDLE_EXECUTABLE_FOLDER_PATH)/PhotoEditingApp";
			};
			name = Debug;
		};
		6C10E1CD2A1525B800A6E090 /* Release */ = {
			isa = XCBuildConfiguration;
			buildSettings = {
				ALWAYS_EMBED_SWIFT_STANDARD_LIBRARIES = YES;
				BUNDLE_LOADER = "$(TEST_HOST)";
				CODE_SIGN_STYLE = Automatic;
				CURRENT_PROJECT_VERSION = 1;
				GENERATE_INFOPLIST_FILE = YES;
				IPHONEOS_DEPLOYMENT_TARGET = 15.0;
				MARKETING_VERSION = 1.0;
				PRODUCT_BUNDLE_IDENTIFIER = com.leapi.PhotoEditingAppTests;
				PRODUCT_NAME = "$(TARGET_NAME)";
				SWIFT_EMIT_LOC_STRINGS = NO;
				SWIFT_VERSION = 5.0;
				TARGETED_DEVICE_FAMILY = "1,2";
				TEST_HOST = "$(BUILT_PRODUCTS_DIR)/PhotoEditingApp.app/$(BUNDLE_EXECUTABLE_FOLDER_PATH)/PhotoEditingApp";
			};
			name = Release;
		};
/* End XCBuildConfiguration section */

/* Begin XCConfigurationList section */
		6C10E1992A1525B700A6E090 /* Build configuration list for PBXProject "PhotoEditingApp" */ = {
			isa = XCConfigurationList;
			buildConfigurations = (
				6C10E1C62A1525B800A6E090 /* Debug */,
				6C10E1C72A1525B800A6E090 /* Release */,
			);
			defaultConfigurationIsVisible = 0;
			defaultConfigurationName = Release;
		};
		6C10E1C82A1525B800A6E090 /* Build configuration list for PBXNativeTarget "PhotoEditingApp" */ = {
			isa = XCConfigurationList;
			buildConfigurations = (
				6C10E1C92A1525B800A6E090 /* Debug */,
				6C10E1CA2A1525B800A6E090 /* Release */,
			);
			defaultConfigurationIsVisible = 0;
			defaultConfigurationName = Release;
		};
		6C10E1CB2A1525B800A6E090 /* Build configuration list for PBXNativeTarget "PhotoEditingAppTests" */ = {
			isa = XCConfigurationList;
			buildConfigurations = (
				6C10E1CC2A1525B800A6E090 /* Debug */,
				6C10E1CD2A1525B800A6E090 /* Release */,
			);
			defaultConfigurationIsVisible = 0;
			defaultConfigurationName = Release;
		};
/* End XCConfigurationList section */
	};
	rootObject = 6C10E1962A1525B700A6E090 /* Project object */;
}
